# This file is automatically @generated by Poetry 2.1.2 and should not be changed by hand.

[[package]]
name = "mobase-stubs"
version = "2.5.2"
description = "PEP561 stub files for the mobase Python API."
optional = false
python-versions = "<4.0,>=3.12"
groups = ["dev"]
files = [
    {file = "mobase_stubs-2.5.2-py3-none-any.whl", hash = "sha256:6a2c1c95494e7dc0d0f51d4f8f178423c0d9904f823f3c44845315bff304b948"},
    {file = "mobase_stubs-2.5.2.tar.gz", hash = "sha256:70c15579828df3bce01746e51fee07176390cdc386facea2b156ea04b3de055c"},
]

[metadata]
lock-version = "2.1"
python-versions = ">=3.12,<3.14"
content-hash = "e4632e77938dbf5c55ed07e91bdb7a1b159e33099d8b1fad5229378e06ef2914"
